// !$*UTF8*$!
{
	archiveVersion = 1;
	classes = {
	};
	objectVersion = 50;
	objects = {

/* Begin PBXBuildFile section */
		336BB2B12188BEDB0054FEB2 /* AppDelegate.swift in Sources */ = {isa = PBXBuildFile; fileRef = 336BB2B02188BEDB0054FEB2 /* AppDelegate.swift */; };
		336BB2B32188BEDB0054FEB2 /* art.scnassets in Resources */ = {isa = PBXBuildFile; fileRef = 336BB2B22188BEDB0054FEB2 /* art.scnassets */; };
		336BB2B52188BEDB0054FEB2 /* ViewController.swift in Sources */ = {isa = PBXBuildFile; fileRef = 336BB2B42188BEDB0054FEB2 /* ViewController.swift */; };
		336BB2B82188BEDB0054FEB2 /* Main.storyboard in Resources */ = {isa = PBXBuildFile; fileRef = 336BB2B62188BEDB0054FEB2 /* Main.storyboard */; };
		336BB2BA2188BEDD0054FEB2 /* Assets.xcassets in Resources */ = {isa = PBXBuildFile; fileRef = 336BB2B92188BEDD0054FEB2 /* Assets.xcassets */; };
		336BB2BD2188BEDD0054FEB2 /* LaunchScreen.storyboard in Resources */ = {isa = PBXBuildFile; fileRef = 336BB2BB2188BEDD0054FEB2 /* LaunchScreen.storyboard */; };
/* End PBXBuildFile section */

/* Begin PBXFileReference section */
		336BB2AD2188BEDB0054FEB2 /* AR.app */ = {isa = PBXFileReference; explicitFileType = wrapper.application; includeInIndex = 0; path = AR.app; sourceTree = BUILT_PRODUCTS_DIR; };
		336BB2B02188BEDB0054FEB2 /* AppDelegate.swift */ = {isa = PBXFileReference; lastKnownFileType = sourcecode.swift; path = AppDelegate.swift; sourceTree = "<group>"; };
		336BB2B22188BEDB0054FEB2 /* art.scnassets */ = {isa = PBXFileReference; lastKnownFileType = wrapper.scnassets; path = art.scnassets; sourceTree = "<group>"; };
		336BB2B42188BEDB0054FEB2 /* ViewController.swift */ = {isa = PBXFileReference; lastKnownFileType = sourcecode.swift; path = ViewController.swift; sourceTree = "<group>"; };
		336BB2B72188BEDB0054FEB2 /* Base */ = {isa = PBXFileReference; lastKnownFileType = file.storyboard; name = Base; path = Base.lproj/Main.storyboard; sourceTree = "<group>"; };
		336BB2B92188BEDD0054FEB2 /* Assets.xcassets */ = {isa = PBXFileReference; lastKnownFileType = folder.assetcatalog; path = Assets.xcassets; sourceTree = "<group>"; };
		336BB2BC2188BEDD0054FEB2 /* Base */ = {isa = PBXFileReference; lastKnownFileType = file.storyboard; name = Base; path = Base.lproj/LaunchScreen.storyboard; sourceTree = "<group>"; };
		336BB2BE2188BEDD0054FEB2 /* Info.plist */ = {isa = PBXFileReference; lastKnownFileType = text.plist.xml; path = Info.plist; sourceTree = "<group>"; };
/* End PBXFileReference section */

/* Begin PBXFrameworksBuildPhase section */
		336BB2AA2188BEDB0054FEB2 /* Frameworks */ = {
			isa = PBXFrameworksBuildPhase;
			buildActionMask = 2147483647;
			files = (
			);
			runOnlyForDeploymentPostprocessing = 0;
		};
/* End PBXFrameworksBuildPhase section */

/* Begin PBXGroup section */
		336BB2A42188BEDB0054FEB2 = {
			isa = PBXGroup;
			children = (
				336BB2AF2188BEDB0054FEB2 /* AR */,
				336BB2AE2188BEDB0054FEB2 /* Products */,
			);
			sourceTree = "<group>";
		};
		336BB2AE2188BEDB0054FEB2 /* Products */ = {
			isa = PBXGroup;
			children = (
				336BB2AD2188BEDB0054FEB2 /* AR.app */,
			);
			name = Products;
			sourceTree = "<group>";
		};
		336BB2AF2188BEDB0054FEB2 /* AR */ = {
			isa = PBXGroup;
			children = (
				336BB2B02188BEDB0054FEB2 /* AppDelegate.swift */,
				336BB2B22188BEDB0054FEB2 /* art.scnassets */,
				336BB2B42188BEDB0054FEB2 /* ViewController.swift */,
				336BB2B62188BEDB0054FEB2 /* Main.storyboard */,
				336BB2B92188BEDD0054FEB2 /* Assets.xcassets */,
				336BB2BB2188BEDD0054FEB2 /* LaunchScreen.storyboard */,
				336BB2BE2188BEDD0054FEB2 /* Info.plist */,
			);
			path = AR;
			sourceTree = "<group>";
		};
/* End PBXGroup section */

/* Begin PBXNativeTarget section */
		336BB2AC2188BEDB0054FEB2 /* AR */ = {
			isa = PBXNativeTarget;
			buildConfigurationList = 336BB2C12188BEDD0054FEB2 /* Build configuration list for PBXNativeTarget "AR" */;
			buildPhases = (
				336BB2A92188BEDB0054FEB2 /* Sources */,
				336BB2AA2188BEDB0054FEB2 /* Frameworks */,
				336BB2AB2188BEDB0054FEB2 /* Resources */,
			);
			buildRules = (
			);
			dependencies = (
			);
			name = AR;
			productName = AR;
			productReference = 336BB2AD2188BEDB0054FEB2 /* AR.app */;
			productType = "com.apple.product-type.application";
		};
/* End PBXNativeTarget section */

/* Begin PBXProject section */
		336BB2A52188BEDB0054FEB2 /* Project object */ = {
			isa = PBXProject;
			attributes = {
				LastSwiftUpdateCheck = 1000;
				LastUpgradeCheck = 1000;
				ORGANIZATIONNAME = Ynov;
				TargetAttributes = {
					336BB2AC2188BEDB0054FEB2 = {
						CreatedOnToolsVersion = 10.0;
					};
				};
			};
			buildConfigurationList = 336BB2A82188BEDB0054FEB2 /* Build configuration list for PBXProject "AR" */;
			compatibilityVersion = "Xcode 9.3";
			developmentRegion = en;
			hasScannedForEncodings = 0;
			knownRegions = (
				en,
				Base,
			);
			mainGroup = 336BB2A42188BEDB0054FEB2;
			productRefGroup = 336BB2AE2188BEDB0054FEB2 /* Products */;
			projectDirPath = "";
			projectRoot = "";
			targets = (
				336BB2AC2188BEDB0054FEB2 /* AR */,
			);
		};
/* End PBXProject section */

/* Begin PBXResourcesBuildPhase section */
		336BB2AB2188BEDB0054FEB2 /* Resources */ = {
			isa = PBXResourcesBuildPhase;
			buildActionMask = 2147483647;
			files = (
				336BB2B32188BEDB0054FEB2 /* art.scnassets in Resources */,
				336BB2BD2188BEDD0054FEB2 /* LaunchScreen.storyboard in Resources */,
				336BB2BA2188BEDD0054FEB2 /* Assets.xcassets in Resources */,
				336BB2B82188BEDB0054FEB2 /* Main.storyboard in Resources */,
			);
			runOnlyForDeploymentPostprocessing = 0;
		};
/* End PBXResourcesBuildPhase section */

/* Begin PBXSourcesBuildPhase section */
		336BB2A92188BEDB0054FEB2 /* Sources */ = {
			isa = PBXSourcesBuildPhase;
			buildActionMask = 2147483647;
			files = (
				336BB2B52188BEDB0054FEB2 /* ViewController.swift in Sources */,
				336BB2B12188BEDB0054FEB2 /* AppDelegate.swift in Sources */,
			);
			runOnlyForDeploymentPostprocessing = 0;
		};
/* End PBXSourcesBuildPhase section */

/* Begin PBXVariantGroup section */
		336BB2B62188BEDB0054FEB2 /* Main.storyboard */ = {
			isa = PBXVariantGroup;
			children = (
				336BB2B72188BEDB0054FEB2 /* Base */,
			);
			name = Main.storyboard;
			sourceTree = "<group>";
		};
		336BB2BB2188BEDD0054FEB2 /* LaunchScreen.storyboard */ = {
			isa = PBXVariantGroup;
			children = (
				336BB2BC2188BEDD0054FEB2 /* Base */,
			);
			name = LaunchScreen.storyboard;
			sourceTree = "<group>";
		};
/* End PBXVariantGroup section */

/* Begin XCBuildConfiguration section */
		336BB2BF2188BEDD0054FEB2 /* Debug */ = {
			isa = XCBuildConfiguration;
			buildSettings = {
				ALWAYS_SEARCH_USER_PATHS = NO;
				CLANG_ANALYZER_NONNULL = YES;
				CLANG_ANALYZER_NUMBER_OBJECT_CONVERSION = YES_AGGRESSIVE;
				CLANG_CXX_LANGUAGE_STANDARD = "gnu++14";
				CLANG_CXX_LIBRARY = "libc++";
				CLANG_ENABLE_MODULES = YES;
				CLANG_ENABLE_OBJC_ARC = YES;
				CLANG_ENABLE_OBJC_WEAK = YES;
				CLANG_WARN_BLOCK_CAPTURE_AUTORELEASING = YES;
				CLANG_WARN_BOOL_CONVERSION = YES;
				CLANG_WARN_COMMA = YES;
				CLANG_WARN_CONSTANT_CONVERSION = YES;
				CLANG_WARN_DEPRECATED_OBJC_IMPLEMENTATIONS = YES;
				CLANG_WARN_DIRECT_OBJC_ISA_USAGE = YES_ERROR;
				CLANG_WARN_DOCUMENTATION_COMMENTS = YES;
				CLANG_WARN_EMPTY_BODY = YES;
				CLANG_WARN_ENUM_CONVERSION = YES;
				CLANG_WARN_INFINITE_RECURSION = YES;
				CLANG_WARN_INT_CONVERSION = YES;
				CLANG_WARN_NON_LITERAL_NULL_CONVERSION = YES;
				CLANG_WARN_OBJC_IMPLICIT_RETAIN_SELF = YES;
				CLANG_WARN_OBJC_LITERAL_CONVERSION = YES;
				CLANG_WARN_OBJC_ROOT_CLASS = YES_ERROR;
				CLANG_WARN_RANGE_LOOP_ANALYSIS = YES;
				CLANG_WARN_STRICT_PROTOTYPES = YES;
				CLANG_WARN_SUSPICIOUS_MOVE = YES;
				CLANG_WARN_UNGUARDED_AVAILABILITY = YES_AGGRESSIVE;
				CLANG_WARN_UNREACHABLE_CODE = YES;
				CLANG_WARN__DUPLICATE_METHOD_MATCH = YES;
				CODE_SIGN_IDENTITY = "iPhone Developer";
				COPY_PHASE_STRIP = NO;
				DEBUG_INFORMATION_FORMAT = dwarf;
				ENABLE_STRICT_OBJC_MSGSEND = YES;
				ENABLE_TESTABILITY = YES;
				GCC_C_LANGUAGE_STANDARD = gnu11;
				GCC_DYNAMIC_NO_PIC = NO;
				GCC_NO_COMMON_BLOCKS = YES;
				GCC_OPTIMIZATION_LEVEL = 0;
				GCC_PREPROCESSOR_DEFINITIONS = (
					"DEBUG=1",
					"$(inherited)",
				);
				GCC_WARN_64_TO_32_BIT_CONVERSION = YES;
				GCC_WARN_ABOUT_RETURN_TYPE = YES_ERROR;
				GCC_WARN_UNDECLARED_SELECTOR = YES;
				GCC_WARN_UNINITIALIZED_AUTOS = YES_AGGRESSIVE;
				GCC_WARN_UNUSED_FUNCTION = YES;
				GCC_WARN_UNUSED_VARIABLE = YES;
				IPHONEOS_DEPLOYMENT_TARGET = 12.0;
				MTL_ENABLE_DEBUG_INFO = INCLUDE_SOURCE;
				MTL_FAST_MATH = YES;
				ONLY_ACTIVE_ARCH = YES;
				SDKROOT = iphoneos;
				SWIFT_ACTIVE_COMPILATION_CONDITIONS = DEBUG;
				SWIFT_OPTIMIZATION_LEVEL = "-Onone";
			};
			name = Debug;
		};
		336BB2C02188BEDD0054FEB2 /* Release */ = {
			isa = XCBuildConfiguration;
			buildSettings = {
				ALWAYS_SEARCH_USER_PATHS = NO;
				CLANG_ANALYZER_NONNULL = YES;
				CLANG_ANALYZER_NUMBER_OBJECT_CONVERSION = YES_AGGRESSIVE;
				CLANG_CXX_LANGUAGE_STANDARD = "gnu++14";
				CLANG_CXX_LIBRARY = "libc++";
				CLANG_ENABLE_MODULES = YES;
				CLANG_ENABLE_OBJC_ARC = YES;
				CLANG_ENABLE_OBJC_WEAK = YES;
				CLANG_WARN_BLOCK_CAPTURE_AUTORELEASING = YES;
				CLANG_WARN_BOOL_CONVERSION = YES;
				CLANG_WARN_COMMA = YES;
				CLANG_WARN_CONSTANT_CONVERSION = YES;
				CLANG_WARN_DEPRECATED_OBJC_IMPLEMENTATIONS = YES;
				CLANG_WARN_DIRECT_OBJC_ISA_USAGE = YES_ERROR;
				CLANG_WARN_DOCUMENTATION_COMMENTS = YES;
				CLANG_WARN_EMPTY_BODY = YES;
				CLANG_WARN_ENUM_CONVERSION = YES;
				CLANG_WARN_INFINITE_RECURSION = YES;
				CLANG_WARN_INT_CONVERSION = YES;
				CLANG_WARN_NON_LITERAL_NULL_CONVERSION = YES;
				CLANG_WARN_OBJC_IMPLICIT_RETAIN_SELF = YES;
				CLANG_WARN_OBJC_LITERAL_CONVERSION = YES;
				CLANG_WARN_OBJC_ROOT_CLASS = YES_ERROR;
				CLANG_WARN_RANGE_LOOP_ANALYSIS = YES;
				CLANG_WARN_STRICT_PROTOTYPES = YES;
				CLANG_WARN_SUSPICIOUS_MOVE = YES;
				CLANG_WARN_UNGUARDED_AVAILABILITY = YES_AGGRESSIVE;
				CLANG_WARN_UNREACHABLE_CODE = YES;
				CLANG_WARN__DUPLICATE_METHOD_MATCH = YES;
				CODE_SIGN_IDENTITY = "iPhone Developer";
				COPY_PHASE_STRIP = NO;
				DEBUG_INFORMATION_FORMAT = "dwarf-with-dsym";
				ENABLE_NS_ASSERTIONS = NO;
				ENABLE_STRICT_OBJC_MSGSEND = YES;
				GCC_C_LANGUAGE_STANDARD = gnu11;
				GCC_NO_COMMON_BLOCKS = YES;
				GCC_WARN_64_TO_32_BIT_CONVERSION = YES;
				GCC_WARN_ABOUT_RETURN_TYPE = YES_ERROR;
				GCC_WARN_UNDECLARED_SELECTOR = YES;
				GCC_WARN_UNINITIALIZED_AUTOS = YES_AGGRESSIVE;
				GCC_WARN_UNUSED_FUNCTION = YES;
				GCC_WARN_UNUSED_VARIABLE = YES;
				IPHONEOS_DEPLOYMENT_TARGET = 12.0;
				MTL_ENABLE_DEBUG_INFO = NO;
				MTL_FAST_MATH = YES;
				SDKROOT = iphoneos;
				SWIFT_COMPILATION_MODE = wholemodule;
				SWIFT_OPTIMIZATION_LEVEL = "-O";
				VALIDATE_PRODUCT = YES;
			};
			name = Release;
		};
		336BB2C22188BEDD0054FEB2 /* Debug */ = {
			isa = XCBuildConfiguration;
			buildSettings = {
				ASSETCATALOG_COMPILER_APPICON_NAME = AppIcon;
				CODE_SIGN_STYLE = Automatic;
				DEVELOPMENT_TEAM = A7SGM6JEMA;
				INFOPLIST_FILE = AR/Info.plist;
				LD_RUNPATH_SEARCH_PATHS = (
					"$(inherited)",
					"@executable_path/Frameworks",
				);
				PRODUCT_BUNDLE_IDENTIFIER = fr.ynov.ingesup.paris.b3.AR;
				PRODUCT_NAME = "$(TARGET_NAME)";
				SWIFT_VERSION = 4.2;
				TARGETED_DEVICE_FAMILY = "1,2";
			};
			name = Debug;
		};
		336BB2C32188BEDD0054FEB2 /* Release */ = {
			isa = XCBuildConfiguration;
			buildSettings = {
				ASSETCATALOG_COMPILER_APPICON_NAME = AppIcon;
				CODE_SIGN_STYLE = Automatic;
				DEVELOPMENT_TEAM = A7SGM6JEMA;
				INFOPLIST_FILE = AR/Info.plist;
				LD_RUNPATH_SEARCH_PATHS = (
					"$(inherited)",
					"@executable_path/Frameworks",
				);
				PRODUCT_BUNDLE_IDENTIFIER = fr.ynov.ingesup.paris.b3.AR;
				PRODUCT_NAME = "$(TARGET_NAME)";
				SWIFT_VERSION = 4.2;
				TARGETED_DEVICE_FAMILY = "1,2";
			};
			name = Release;
		};
/* End XCBuildConfiguration section */

/* Begin XCConfigurationList section */
		336BB2A82188BEDB0054FEB2 /* Build configuration list for PBXProject "AR" */ = {
			isa = XCConfigurationList;
			buildConfigurations = (
				336BB2BF2188BEDD0054FEB2 /* Debug */,
				336BB2C02188BEDD0054FEB2 /* Release */,
			);
			defaultConfigurationIsVisible = 0;
			defaultConfigurationName = Release;
		};
		336BB2C12188BEDD0054FEB2 /* Build configuration list for PBXNativeTarget "AR" */ = {
			isa = XCConfigurationList;
			buildConfigurations = (
				336BB2C22188BEDD0054FEB2 /* Debug */,
				336BB2C32188BEDD0054FEB2 /* Release */,
			);
			defaultConfigurationIsVisible = 0;
			defaultConfigurationName = Release;
		};
/* End XCConfigurationList section */
	};
	rootObject = 336BB2A52188BEDB0054FEB2 /* Project object */;
}
