// !$*UTF8*$!
{
	archiveVersion = 1;
	classes = {
	};
	objectVersion = 50;
	objects = {

/* Begin PBXBuildFile section */
		339EEF9F2199E1EF009383D1 /* AppDelegate.swift in Sources */ = {isa = PBXBuildFile; fileRef = 339EEF9E2199E1EF009383D1 /* AppDelegate.swift */; };
		339EEFA12199E1EF009383D1 /* ViewController.swift in Sources */ = {isa = PBXBuildFile; fileRef = 339EEFA02199E1EF009383D1 /* ViewController.swift */; };
		339EEFA42199E1EF009383D1 /* Main.storyboard in Resources */ = {isa = PBXBuildFile; fileRef = 339EEFA22199E1EF009383D1 /* Main.storyboard */; };
		339EEFA62199E1F0009383D1 /* Assets.xcassets in Resources */ = {isa = PBXBuildFile; fileRef = 339EEFA52199E1F0009383D1 /* Assets.xcassets */; };
		339EEFA92199E1F0009383D1 /* LaunchScreen.storyboard in Resources */ = {isa = PBXBuildFile; fileRef = 339EEFA72199E1F0009383D1 /* LaunchScreen.storyboard */; };
		339EEFB12199E20A009383D1 /* Restaurant.swift in Sources */ = {isa = PBXBuildFile; fileRef = 339EEFB02199E20A009383D1 /* Restaurant.swift */; };
		339EEFB32199E218009383D1 /* Dish.swift in Sources */ = {isa = PBXBuildFile; fileRef = 339EEFB22199E218009383D1 /* Dish.swift */; };
/* End PBXBuildFile section */

/* Begin PBXFileReference section */
		339EEF9B2199E1EE009383D1 /* DishOrder.app */ = {isa = PBXFileReference; explicitFileType = wrapper.application; includeInIndex = 0; path = DishOrder.app; sourceTree = BUILT_PRODUCTS_DIR; };
		339EEF9E2199E1EF009383D1 /* AppDelegate.swift */ = {isa = PBXFileReference; lastKnownFileType = sourcecode.swift; path = AppDelegate.swift; sourceTree = "<group>"; };
		339EEFA02199E1EF009383D1 /* ViewController.swift */ = {isa = PBXFileReference; lastKnownFileType = sourcecode.swift; path = ViewController.swift; sourceTree = "<group>"; };
		339EEFA32199E1EF009383D1 /* Base */ = {isa = PBXFileReference; lastKnownFileType = file.storyboard; name = Base; path = Base.lproj/Main.storyboard; sourceTree = "<group>"; };
		339EEFA52199E1F0009383D1 /* Assets.xcassets */ = {isa = PBXFileReference; lastKnownFileType = folder.assetcatalog; path = Assets.xcassets; sourceTree = "<group>"; };
		339EEFA82199E1F0009383D1 /* Base */ = {isa = PBXFileReference; lastKnownFileType = file.storyboard; name = Base; path = Base.lproj/LaunchScreen.storyboard; sourceTree = "<group>"; };
		339EEFAA2199E1F0009383D1 /* Info.plist */ = {isa = PBXFileReference; lastKnownFileType = text.plist.xml; path = Info.plist; sourceTree = "<group>"; };
		339EEFB02199E20A009383D1 /* Restaurant.swift */ = {isa = PBXFileReference; lastKnownFileType = sourcecode.swift; path = Restaurant.swift; sourceTree = "<group>"; };
		339EEFB22199E218009383D1 /* Dish.swift */ = {isa = PBXFileReference; lastKnownFileType = sourcecode.swift; path = Dish.swift; sourceTree = "<group>"; };
/* End PBXFileReference section */

/* Begin PBXFrameworksBuildPhase section */
		339EEF982199E1EE009383D1 /* Frameworks */ = {
			isa = PBXFrameworksBuildPhase;
			buildActionMask = 2147483647;
			files = (
			);
			runOnlyForDeploymentPostprocessing = 0;
		};
/* End PBXFrameworksBuildPhase section */

/* Begin PBXGroup section */
		334064A8219ADB7300A429C6 /* Models */ = {
			isa = PBXGroup;
			children = (
				339EEFB02199E20A009383D1 /* Restaurant.swift */,
				339EEFB22199E218009383D1 /* Dish.swift */,
			);
			path = Models;
			sourceTree = "<group>";
		};
		334064A9219ADC0700A429C6 /* ViewControllers */ = {
			isa = PBXGroup;
			children = (
				339EEFA02199E1EF009383D1 /* ViewController.swift */,
			);
			path = ViewControllers;
			sourceTree = "<group>";
		};
		339EEF922199E1EE009383D1 = {
			isa = PBXGroup;
			children = (
				339EEF9D2199E1EE009383D1 /* DishOrder */,
				339EEF9C2199E1EE009383D1 /* Products */,
			);
			sourceTree = "<group>";
		};
		339EEF9C2199E1EE009383D1 /* Products */ = {
			isa = PBXGroup;
			children = (
				339EEF9B2199E1EE009383D1 /* DishOrder.app */,
			);
			name = Products;
			sourceTree = "<group>";
		};
		339EEF9D2199E1EE009383D1 /* DishOrder */ = {
			isa = PBXGroup;
			children = (
				339EEF9E2199E1EF009383D1 /* AppDelegate.swift */,
				334064A9219ADC0700A429C6 /* ViewControllers */,
				334064A8219ADB7300A429C6 /* Models */,
				339EEFA22199E1EF009383D1 /* Main.storyboard */,
				339EEFA52199E1F0009383D1 /* Assets.xcassets */,
				339EEFA72199E1F0009383D1 /* LaunchScreen.storyboard */,
				339EEFAA2199E1F0009383D1 /* Info.plist */,
			);
			path = DishOrder;
			sourceTree = "<group>";
		};
/* End PBXGroup section */

/* Begin PBXNativeTarget section */
		339EEF9A2199E1EE009383D1 /* DishOrder */ = {
			isa = PBXNativeTarget;
			buildConfigurationList = 339EEFAD2199E1F0009383D1 /* Build configuration list for PBXNativeTarget "DishOrder" */;
			buildPhases = (
				339EEF972199E1EE009383D1 /* Sources */,
				339EEF982199E1EE009383D1 /* Frameworks */,
				339EEF992199E1EE009383D1 /* Resources */,
			);
			buildRules = (
			);
			dependencies = (
			);
			name = DishOrder;
			productName = DishOrder;
			productReference = 339EEF9B2199E1EE009383D1 /* DishOrder.app */;
			productType = "com.apple.product-type.application";
		};
/* End PBXNativeTarget section */

/* Begin PBXProject section */
		339EEF932199E1EE009383D1 /* Project object */ = {
			isa = PBXProject;
			attributes = {
				LastSwiftUpdateCheck = 1010;
				LastUpgradeCheck = 1010;
				ORGANIZATIONNAME = Ynov;
				TargetAttributes = {
					339EEF9A2199E1EE009383D1 = {
						CreatedOnToolsVersion = 10.1;
					};
				};
			};
			buildConfigurationList = 339EEF962199E1EE009383D1 /* Build configuration list for PBXProject "DishOrder" */;
			compatibilityVersion = "Xcode 9.3";
			developmentRegion = en;
			hasScannedForEncodings = 0;
			knownRegions = (
				en,
				Base,
			);
			mainGroup = 339EEF922199E1EE009383D1;
			productRefGroup = 339EEF9C2199E1EE009383D1 /* Products */;
			projectDirPath = "";
			projectRoot = "";
			targets = (
				339EEF9A2199E1EE009383D1 /* DishOrder */,
			);
		};
/* End PBXProject section */

/* Begin PBXResourcesBuildPhase section */
		339EEF992199E1EE009383D1 /* Resources */ = {
			isa = PBXResourcesBuildPhase;
			buildActionMask = 2147483647;
			files = (
				339EEFA92199E1F0009383D1 /* LaunchScreen.storyboard in Resources */,
				339EEFA62199E1F0009383D1 /* Assets.xcassets in Resources */,
				339EEFA42199E1EF009383D1 /* Main.storyboard in Resources */,
			);
			runOnlyForDeploymentPostprocessing = 0;
		};
/* End PBXResourcesBuildPhase section */

/* Begin PBXSourcesBuildPhase section */
		339EEF972199E1EE009383D1 /* Sources */ = {
			isa = PBXSourcesBuildPhase;
			buildActionMask = 2147483647;
			files = (
				339EEFA12199E1EF009383D1 /* ViewController.swift in Sources */,
				339EEFB32199E218009383D1 /* Dish.swift in Sources */,
				339EEF9F2199E1EF009383D1 /* AppDelegate.swift in Sources */,
				339EEFB12199E20A009383D1 /* Restaurant.swift in Sources */,
			);
			runOnlyForDeploymentPostprocessing = 0;
		};
/* End PBXSourcesBuildPhase section */

/* Begin PBXVariantGroup section */
		339EEFA22199E1EF009383D1 /* Main.storyboard */ = {
			isa = PBXVariantGroup;
			children = (
				339EEFA32199E1EF009383D1 /* Base */,
			);
			name = Main.storyboard;
			sourceTree = "<group>";
		};
		339EEFA72199E1F0009383D1 /* LaunchScreen.storyboard */ = {
			isa = PBXVariantGroup;
			children = (
				339EEFA82199E1F0009383D1 /* Base */,
			);
			name = LaunchScreen.storyboard;
			sourceTree = "<group>";
		};
/* End PBXVariantGroup section */

/* Begin XCBuildConfiguration section */
		339EEFAB2199E1F0009383D1 /* Debug */ = {
			isa = XCBuildConfiguration;
			buildSettings = {
				ALWAYS_SEARCH_USER_PATHS = NO;
				CLANG_ANALYZER_NONNULL = YES;
				CLANG_ANALYZER_NUMBER_OBJECT_CONVERSION = YES_AGGRESSIVE;
				CLANG_CXX_LANGUAGE_STANDARD = "gnu++14";
				CLANG_CXX_LIBRARY = "libc++";
				CLANG_ENABLE_MODULES = YES;
				CLANG_ENABLE_OBJC_ARC = YES;
				CLANG_ENABLE_OBJC_WEAK = YES;
				CLANG_WARN_BLOCK_CAPTURE_AUTORELEASING = YES;
				CLANG_WARN_BOOL_CONVERSION = YES;
				CLANG_WARN_COMMA = YES;
				CLANG_WARN_CONSTANT_CONVERSION = YES;
				CLANG_WARN_DEPRECATED_OBJC_IMPLEMENTATIONS = YES;
				CLANG_WARN_DIRECT_OBJC_ISA_USAGE = YES_ERROR;
				CLANG_WARN_DOCUMENTATION_COMMENTS = YES;
				CLANG_WARN_EMPTY_BODY = YES;
				CLANG_WARN_ENUM_CONVERSION = YES;
				CLANG_WARN_INFINITE_RECURSION = YES;
				CLANG_WARN_INT_CONVERSION = YES;
				CLANG_WARN_NON_LITERAL_NULL_CONVERSION = YES;
				CLANG_WARN_OBJC_IMPLICIT_RETAIN_SELF = YES;
				CLANG_WARN_OBJC_LITERAL_CONVERSION = YES;
				CLANG_WARN_OBJC_ROOT_CLASS = YES_ERROR;
				CLANG_WARN_RANGE_LOOP_ANALYSIS = YES;
				CLANG_WARN_STRICT_PROTOTYPES = YES;
				CLANG_WARN_SUSPICIOUS_MOVE = YES;
				CLANG_WARN_UNGUARDED_AVAILABILITY = YES_AGGRESSIVE;
				CLANG_WARN_UNREACHABLE_CODE = YES;
				CLANG_WARN__DUPLICATE_METHOD_MATCH = YES;
				CODE_SIGN_IDENTITY = "iPhone Developer";
				COPY_PHASE_STRIP = NO;
				DEBUG_INFORMATION_FORMAT = dwarf;
				ENABLE_STRICT_OBJC_MSGSEND = YES;
				ENABLE_TESTABILITY = YES;
				GCC_C_LANGUAGE_STANDARD = gnu11;
				GCC_DYNAMIC_NO_PIC = NO;
				GCC_NO_COMMON_BLOCKS = YES;
				GCC_OPTIMIZATION_LEVEL = 0;
				GCC_PREPROCESSOR_DEFINITIONS = (
					"DEBUG=1",
					"$(inherited)",
				);
				GCC_WARN_64_TO_32_BIT_CONVERSION = YES;
				GCC_WARN_ABOUT_RETURN_TYPE = YES_ERROR;
				GCC_WARN_UNDECLARED_SELECTOR = YES;
				GCC_WARN_UNINITIALIZED_AUTOS = YES_AGGRESSIVE;
				GCC_WARN_UNUSED_FUNCTION = YES;
				GCC_WARN_UNUSED_VARIABLE = YES;
				IPHONEOS_DEPLOYMENT_TARGET = 12.1;
				MTL_ENABLE_DEBUG_INFO = INCLUDE_SOURCE;
				MTL_FAST_MATH = YES;
				ONLY_ACTIVE_ARCH = YES;
				SDKROOT = iphoneos;
				SWIFT_ACTIVE_COMPILATION_CONDITIONS = DEBUG;
				SWIFT_OPTIMIZATION_LEVEL = "-Onone";
			};
			name = Debug;
		};
		339EEFAC2199E1F0009383D1 /* Release */ = {
			isa = XCBuildConfiguration;
			buildSettings = {
				ALWAYS_SEARCH_USER_PATHS = NO;
				CLANG_ANALYZER_NONNULL = YES;
				CLANG_ANALYZER_NUMBER_OBJECT_CONVERSION = YES_AGGRESSIVE;
				CLANG_CXX_LANGUAGE_STANDARD = "gnu++14";
				CLANG_CXX_LIBRARY = "libc++";
				CLANG_ENABLE_MODULES = YES;
				CLANG_ENABLE_OBJC_ARC = YES;
				CLANG_ENABLE_OBJC_WEAK = YES;
				CLANG_WARN_BLOCK_CAPTURE_AUTORELEASING = YES;
				CLANG_WARN_BOOL_CONVERSION = YES;
				CLANG_WARN_COMMA = YES;
				CLANG_WARN_CONSTANT_CONVERSION = YES;
				CLANG_WARN_DEPRECATED_OBJC_IMPLEMENTATIONS = YES;
				CLANG_WARN_DIRECT_OBJC_ISA_USAGE = YES_ERROR;
				CLANG_WARN_DOCUMENTATION_COMMENTS = YES;
				CLANG_WARN_EMPTY_BODY = YES;
				CLANG_WARN_ENUM_CONVERSION = YES;
				CLANG_WARN_INFINITE_RECURSION = YES;
				CLANG_WARN_INT_CONVERSION = YES;
				CLANG_WARN_NON_LITERAL_NULL_CONVERSION = YES;
				CLANG_WARN_OBJC_IMPLICIT_RETAIN_SELF = YES;
				CLANG_WARN_OBJC_LITERAL_CONVERSION = YES;
				CLANG_WARN_OBJC_ROOT_CLASS = YES_ERROR;
				CLANG_WARN_RANGE_LOOP_ANALYSIS = YES;
				CLANG_WARN_STRICT_PROTOTYPES = YES;
				CLANG_WARN_SUSPICIOUS_MOVE = YES;
				CLANG_WARN_UNGUARDED_AVAILABILITY = YES_AGGRESSIVE;
				CLANG_WARN_UNREACHABLE_CODE = YES;
				CLANG_WARN__DUPLICATE_METHOD_MATCH = YES;
				CODE_SIGN_IDENTITY = "iPhone Developer";
				COPY_PHASE_STRIP = NO;
				DEBUG_INFORMATION_FORMAT = "dwarf-with-dsym";
				ENABLE_NS_ASSERTIONS = NO;
				ENABLE_STRICT_OBJC_MSGSEND = YES;
				GCC_C_LANGUAGE_STANDARD = gnu11;
				GCC_NO_COMMON_BLOCKS = YES;
				GCC_WARN_64_TO_32_BIT_CONVERSION = YES;
				GCC_WARN_ABOUT_RETURN_TYPE = YES_ERROR;
				GCC_WARN_UNDECLARED_SELECTOR = YES;
				GCC_WARN_UNINITIALIZED_AUTOS = YES_AGGRESSIVE;
				GCC_WARN_UNUSED_FUNCTION = YES;
				GCC_WARN_UNUSED_VARIABLE = YES;
				IPHONEOS_DEPLOYMENT_TARGET = 12.1;
				MTL_ENABLE_DEBUG_INFO = NO;
				MTL_FAST_MATH = YES;
				SDKROOT = iphoneos;
				SWIFT_COMPILATION_MODE = wholemodule;
				SWIFT_OPTIMIZATION_LEVEL = "-O";
				VALIDATE_PRODUCT = YES;
			};
			name = Release;
		};
		339EEFAE2199E1F0009383D1 /* Debug */ = {
			isa = XCBuildConfiguration;
			buildSettings = {
				ASSETCATALOG_COMPILER_APPICON_NAME = AppIcon;
				CODE_SIGN_STYLE = Automatic;
				DEVELOPMENT_TEAM = A7SGM6JEMA;
				INFOPLIST_FILE = DishOrder/Info.plist;
				LD_RUNPATH_SEARCH_PATHS = (
					"$(inherited)",
					"@executable_path/Frameworks",
				);
				PRODUCT_BUNDLE_IDENTIFIER = fr.ynov.ingesup.paris.b3.DishOrder;
				PRODUCT_NAME = "$(TARGET_NAME)";
				SWIFT_VERSION = 4.2;
				TARGETED_DEVICE_FAMILY = "1,2";
			};
			name = Debug;
		};
		339EEFAF2199E1F0009383D1 /* Release */ = {
			isa = XCBuildConfiguration;
			buildSettings = {
				ASSETCATALOG_COMPILER_APPICON_NAME = AppIcon;
				CODE_SIGN_STYLE = Automatic;
				DEVELOPMENT_TEAM = A7SGM6JEMA;
				INFOPLIST_FILE = DishOrder/Info.plist;
				LD_RUNPATH_SEARCH_PATHS = (
					"$(inherited)",
					"@executable_path/Frameworks",
				);
				PRODUCT_BUNDLE_IDENTIFIER = fr.ynov.ingesup.paris.b3.DishOrder;
				PRODUCT_NAME = "$(TARGET_NAME)";
				SWIFT_VERSION = 4.2;
				TARGETED_DEVICE_FAMILY = "1,2";
			};
			name = Release;
		};
/* End XCBuildConfiguration section */

/* Begin XCConfigurationList section */
		339EEF962199E1EE009383D1 /* Build configuration list for PBXProject "DishOrder" */ = {
			isa = XCConfigurationList;
			buildConfigurations = (
				339EEFAB2199E1F0009383D1 /* Debug */,
				339EEFAC2199E1F0009383D1 /* Release */,
			);
			defaultConfigurationIsVisible = 0;
			defaultConfigurationName = Release;
		};
		339EEFAD2199E1F0009383D1 /* Build configuration list for PBXNativeTarget "DishOrder" */ = {
			isa = XCConfigurationList;
			buildConfigurations = (
				339EEFAE2199E1F0009383D1 /* Debug */,
				339EEFAF2199E1F0009383D1 /* Release */,
			);
			defaultConfigurationIsVisible = 0;
			defaultConfigurationName = Release;
		};
/* End XCConfigurationList section */
	};
	rootObject = 339EEF932199E1EE009383D1 /* Project object */;
}
